
Microsoft Visual Studio Solution File, Format Version 12.00
# Visual Studio Express 2013 for Windows Desktop
VisualStudioVersion = 12.0.30723.0
MinimumVisualStudioVersion = 10.0.40219.1
Project("{F184B08F-C81C-45F6-A57F-5ABD9991F28F}") = "OleDbLib", "OleDbLib\OleDbLib.vbproj", "{159D7ABB-3248-4F19-AB46-F1F7BD6442AA}"
EndProject
Global
	GlobalSection(SolutionConfigurationPlatforms) = preSolution
		Debug|Any CPU = Debug|Any CPU
		Release|Any CPU = Release|Any CPU
	EndGlobalSection
	GlobalSection(ProjectConfigurationPlatforms) = postSolution
		{159D7ABB-3248-4F19-AB46-F1F7BD6442AA}.Debug|Any CPU.ActiveCfg = Debug|Any CPU
		{159D7ABB-3248-4F19-AB46-F1F7BD6442AA}.Debug|Any CPU.Build.0 = Debug|Any CPU
		{159D7ABB-3248-4F19-AB46-F1F7BD6442AA}.Release|Any CPU.ActiveCfg = Release|Any CPU
		{159D7ABB-3248-4F19-AB46-F1F7BD6442AA}.Release|Any CPU.Build.0 = Release|Any CPU
	EndGlobalSection
	GlobalSection(SolutionProperties) = preSolution
		HideSolutionNode = FALSE
	EndGlobalSection
EndGlobal
